
Microsoft Visual Studio Solution File, Format Version 12.00
# Visual Studio Version 17
VisualStudioVersion = 17.11.35327.3
MinimumVisualStudioVersion = 10.0.40219.1
Project("{FAE04EC0-301F-11D3-BF4B-00C04F79EFBC}") = "podcast-grupp18", "podcast-grupp18\podcast-grupp18.csproj", "{062EB8DF-95BF-40FF-AE05-3D9537B0218C}"
EndProject
Project("{FAE04EC0-301F-11D3-BF4B-00C04F79EFBC}") = "business", "business\business.csproj", "{334854D6-128F-4260-8DC0-3542909B93BD}"
EndProject
Project("{FAE04EC0-301F-11D3-BF4B-00C04F79EFBC}") = "dataAccess", "dataAccess\dataAccess.csproj", "{C49057B5-A43B-49D7-8E7E-999C90A70446}"
EndProject
Global
	GlobalSection(SolutionConfigurationPlatforms) = preSolution
		Debug|Any CPU = Debug|Any CPU
		Release|Any CPU = Release|Any CPU
	EndGlobalSection
	GlobalSection(ProjectConfigurationPlatforms) = postSolution
		{062EB8DF-95BF-40FF-AE05-3D9537B0218C}.Debug|Any CPU.ActiveCfg = Debug|Any CPU
		{062EB8DF-95BF-40FF-AE05-3D9537B0218C}.Debug|Any CPU.Build.0 = Debug|Any CPU
		{062EB8DF-95BF-40FF-AE05-3D9537B0218C}.Release|Any CPU.ActiveCfg = Release|Any CPU
		{062EB8DF-95BF-40FF-AE05-3D9537B0218C}.Release|Any CPU.Build.0 = Release|Any CPU
		{334854D6-128F-4260-8DC0-3542909B93BD}.Debug|Any CPU.ActiveCfg = Debug|Any CPU
		{334854D6-128F-4260-8DC0-3542909B93BD}.Debug|Any CPU.Build.0 = Debug|Any CPU
		{334854D6-128F-4260-8DC0-3542909B93BD}.Release|Any CPU.ActiveCfg = Release|Any CPU
		{334854D6-128F-4260-8DC0-3542909B93BD}.Release|Any CPU.Build.0 = Release|Any CPU
		{C49057B5-A43B-49D7-8E7E-999C90A70446}.Debug|Any CPU.ActiveCfg = Debug|Any CPU
		{C49057B5-A43B-49D7-8E7E-999C90A70446}.Debug|Any CPU.Build.0 = Debug|Any CPU
		{C49057B5-A43B-49D7-8E7E-999C90A70446}.Release|Any CPU.ActiveCfg = Release|Any CPU
		{C49057B5-A43B-49D7-8E7E-999C90A70446}.Release|Any CPU.Build.0 = Release|Any CPU
	EndGlobalSection
	GlobalSection(SolutionProperties) = preSolution
		HideSolutionNode = FALSE
	EndGlobalSection
	GlobalSection(ExtensibilityGlobals) = postSolution
		SolutionGuid = {4B78AA4A-094F-4C12-B5CA-0ED5E767D93D}
	EndGlobalSection
EndGlobal
